
Microsoft Visual Studio Solution File, Format Version 11.00
# Visual C# Express 2010
Project("{FAE04EC0-301F-11D3-BF4B-00C04F79EFBC}") = "HWID", "HWID\HWID.csproj", "{BE0D3B91-DCE1-4CF1-98A5-A50C09E05050}"
EndProject
Global
	GlobalSection(SolutionConfigurationPlatforms) = preSolution
		Debug|x86 = Debug|x86
		Release|x86 = Release|x86
	EndGlobalSection
	GlobalSection(ProjectConfigurationPlatforms) = postSolution
		{BE0D3B91-DCE1-4CF1-98A5-A50C09E05050}.Debug|x86.ActiveCfg = Debug|x86
		{BE0D3B91-DCE1-4CF1-98A5-A50C09E05050}.Debug|x86.Build.0 = Debug|x86
		{BE0D3B91-DCE1-4CF1-98A5-A50C09E05050}.Release|x86.ActiveCfg = Release|x86
		{BE0D3B91-DCE1-4CF1-98A5-A50C09E05050}.Release|x86.Build.0 = Release|x86
	EndGlobalSection
	GlobalSection(SolutionProperties) = preSolution
		HideSolutionNode = FALSE
	EndGlobalSection
EndGlobal
